
Microsoft Visual Studio Solution File, Format Version 12.00
# Visual Studio 14
VisualStudioVersion = 14.0.23107.0
MinimumVisualStudioVersion = 10.0.40219.1
Project("{F184B08F-C81C-45F6-A57F-5ABD9991F28F}") = "APM_VISTAS", "APM_VISTAS\APM_VISTAS.vbproj", "{B2BCFFFE-9BD5-4931-9164-B524F3B6A1B4}"
EndProject
Project("{F184B08F-C81C-45F6-A57F-5ABD9991F28F}") = "APM_CLASS", "APM_CLASS\APM_CLASS.vbproj", "{CC5B691C-E978-409E-89D6-206375E1D9E4}"
EndProject
Project("{F184B08F-C81C-45F6-A57F-5ABD9991F28F}") = "APM_DATOS", "APM_DATOS\APM_DATOS.vbproj", "{84744361-8CD3-4F3D-ADCB-6450F353FD5E}"
EndProject
Project("{2150E333-8FDC-42A3-9474-1A3956D46DE8}") = "APM_BD", "APM_BD", "{2C8811E5-3F9E-466A-A8E8-68C25CFDBFFB}"
EndProject
Project("{2150E333-8FDC-42A3-9474-1A3956D46DE8}") = "Vistas", "Vistas", "{D73BD36F-FB41-4A74-9842-E4AD5F47DFC6}"
EndProject
Project("{2150E333-8FDC-42A3-9474-1A3956D46DE8}") = "Clases", "Clases", "{F2203E32-E2CF-4B8F-A8D8-486B71273C07}"
EndProject
Project("{2150E333-8FDC-42A3-9474-1A3956D46DE8}") = "Datos", "Datos", "{2AB9F9A8-C6F7-4CDF-B9DF-19BEBC1B6A03}"
EndProject
Project("{FAE04EC0-301F-11D3-BF4B-00C04F79EFBC}") = "Apm.ProfitAndLoss.Datatier", "Apm.ProfitAndLoss.Datatier\Apm.ProfitAndLoss.Datatier.csproj", "{26491161-1E33-475B-981B-9612E40A2434}"
EndProject
Project("{FAE04EC0-301F-11D3-BF4B-00C04F79EFBC}") = "Apm.ProfitAndLoss.TestTier", "Apm.ProfitAndLoss.TestTier\Apm.ProfitAndLoss.TestTier.csproj", "{85881073-16E3-4D00-84EB-535CD6FD9A2F}"
EndProject
Global
	GlobalSection(SolutionConfigurationPlatforms) = preSolution
		CD_ROM|Any CPU = CD_ROM|Any CPU
		Debug|Any CPU = Debug|Any CPU
		DVD-5|Any CPU = DVD-5|Any CPU
		Release|Any CPU = Release|Any CPU
		SingleImage|Any CPU = SingleImage|Any CPU
	EndGlobalSection
	GlobalSection(ProjectConfigurationPlatforms) = postSolution
		{B2BCFFFE-9BD5-4931-9164-B524F3B6A1B4}.CD_ROM|Any CPU.ActiveCfg = Release|Any CPU
		{B2BCFFFE-9BD5-4931-9164-B524F3B6A1B4}.CD_ROM|Any CPU.Build.0 = Release|Any CPU
		{B2BCFFFE-9BD5-4931-9164-B524F3B6A1B4}.Debug|Any CPU.ActiveCfg = Debug|Any CPU
		{B2BCFFFE-9BD5-4931-9164-B524F3B6A1B4}.Debug|Any CPU.Build.0 = Debug|Any CPU
		{B2BCFFFE-9BD5-4931-9164-B524F3B6A1B4}.DVD-5|Any CPU.ActiveCfg = Debug|Any CPU
		{B2BCFFFE-9BD5-4931-9164-B524F3B6A1B4}.DVD-5|Any CPU.Build.0 = Debug|Any CPU
		{B2BCFFFE-9BD5-4931-9164-B524F3B6A1B4}.Release|Any CPU.ActiveCfg = Release|Any CPU
		{B2BCFFFE-9BD5-4931-9164-B524F3B6A1B4}.Release|Any CPU.Build.0 = Release|Any CPU
		{B2BCFFFE-9BD5-4931-9164-B524F3B6A1B4}.SingleImage|Any CPU.ActiveCfg = Release|Any CPU
		{B2BCFFFE-9BD5-4931-9164-B524F3B6A1B4}.SingleImage|Any CPU.Build.0 = Release|Any CPU
		{CC5B691C-E978-409E-89D6-206375E1D9E4}.CD_ROM|Any CPU.ActiveCfg = Release|Any CPU
		{CC5B691C-E978-409E-89D6-206375E1D9E4}.CD_ROM|Any CPU.Build.0 = Release|Any CPU
		{CC5B691C-E978-409E-89D6-206375E1D9E4}.Debug|Any CPU.ActiveCfg = Debug|Any CPU
		{CC5B691C-E978-409E-89D6-206375E1D9E4}.Debug|Any CPU.Build.0 = Debug|Any CPU
		{CC5B691C-E978-409E-89D6-206375E1D9E4}.DVD-5|Any CPU.ActiveCfg = Debug|Any CPU
		{CC5B691C-E978-409E-89D6-206375E1D9E4}.DVD-5|Any CPU.Build.0 = Debug|Any CPU
		{CC5B691C-E978-409E-89D6-206375E1D9E4}.Release|Any CPU.ActiveCfg = Release|Any CPU
		{CC5B691C-E978-409E-89D6-206375E1D9E4}.Release|Any CPU.Build.0 = Release|Any CPU
		{CC5B691C-E978-409E-89D6-206375E1D9E4}.SingleImage|Any CPU.ActiveCfg = Release|Any CPU
		{CC5B691C-E978-409E-89D6-206375E1D9E4}.SingleImage|Any CPU.Build.0 = Release|Any CPU
		{84744361-8CD3-4F3D-ADCB-6450F353FD5E}.CD_ROM|Any CPU.ActiveCfg = Release|Any CPU
		{84744361-8CD3-4F3D-ADCB-6450F353FD5E}.CD_ROM|Any CPU.Build.0 = Release|Any CPU
		{84744361-8CD3-4F3D-ADCB-6450F353FD5E}.Debug|Any CPU.ActiveCfg = Debug|Any CPU
		{84744361-8CD3-4F3D-ADCB-6450F353FD5E}.Debug|Any CPU.Build.0 = Debug|Any CPU
		{84744361-8CD3-4F3D-ADCB-6450F353FD5E}.DVD-5|Any CPU.ActiveCfg = Debug|Any CPU
		{84744361-8CD3-4F3D-ADCB-6450F353FD5E}.DVD-5|Any CPU.Build.0 = Debug|Any CPU
		{84744361-8CD3-4F3D-ADCB-6450F353FD5E}.Release|Any CPU.ActiveCfg = Release|Any CPU
		{84744361-8CD3-4F3D-ADCB-6450F353FD5E}.Release|Any CPU.Build.0 = Release|Any CPU
		{84744361-8CD3-4F3D-ADCB-6450F353FD5E}.SingleImage|Any CPU.ActiveCfg = Release|Any CPU
		{84744361-8CD3-4F3D-ADCB-6450F353FD5E}.SingleImage|Any CPU.Build.0 = Release|Any CPU
		{26491161-1E33-475B-981B-9612E40A2434}.CD_ROM|Any CPU.ActiveCfg = Release|Any CPU
		{26491161-1E33-475B-981B-9612E40A2434}.CD_ROM|Any CPU.Build.0 = Release|Any CPU
		{26491161-1E33-475B-981B-9612E40A2434}.Debug|Any CPU.ActiveCfg = Debug|Any CPU
		{26491161-1E33-475B-981B-9612E40A2434}.Debug|Any CPU.Build.0 = Debug|Any CPU
		{26491161-1E33-475B-981B-9612E40A2434}.DVD-5|Any CPU.ActiveCfg = Debug|Any CPU
		{26491161-1E33-475B-981B-9612E40A2434}.DVD-5|Any CPU.Build.0 = Debug|Any CPU
		{26491161-1E33-475B-981B-9612E40A2434}.Release|Any CPU.ActiveCfg = Release|Any CPU
		{26491161-1E33-475B-981B-9612E40A2434}.Release|Any CPU.Build.0 = Release|Any CPU
		{26491161-1E33-475B-981B-9612E40A2434}.SingleImage|Any CPU.ActiveCfg = Release|Any CPU
		{26491161-1E33-475B-981B-9612E40A2434}.SingleImage|Any CPU.Build.0 = Release|Any CPU
		{85881073-16E3-4D00-84EB-535CD6FD9A2F}.CD_ROM|Any CPU.ActiveCfg = Release|Any CPU
		{85881073-16E3-4D00-84EB-535CD6FD9A2F}.CD_ROM|Any CPU.Build.0 = Release|Any CPU
		{85881073-16E3-4D00-84EB-535CD6FD9A2F}.Debug|Any CPU.ActiveCfg = Debug|Any CPU
		{85881073-16E3-4D00-84EB-535CD6FD9A2F}.Debug|Any CPU.Build.0 = Debug|Any CPU
		{85881073-16E3-4D00-84EB-535CD6FD9A2F}.DVD-5|Any CPU.ActiveCfg = Debug|Any CPU
		{85881073-16E3-4D00-84EB-535CD6FD9A2F}.DVD-5|Any CPU.Build.0 = Debug|Any CPU
		{85881073-16E3-4D00-84EB-535CD6FD9A2F}.Release|Any CPU.ActiveCfg = Release|Any CPU
		{85881073-16E3-4D00-84EB-535CD6FD9A2F}.Release|Any CPU.Build.0 = Release|Any CPU
		{85881073-16E3-4D00-84EB-535CD6FD9A2F}.SingleImage|Any CPU.ActiveCfg = Release|Any CPU
		{85881073-16E3-4D00-84EB-535CD6FD9A2F}.SingleImage|Any CPU.Build.0 = Release|Any CPU
	EndGlobalSection
	GlobalSection(SolutionProperties) = preSolution
		HideSolutionNode = FALSE
	EndGlobalSection
	GlobalSection(NestedProjects) = preSolution
		{B2BCFFFE-9BD5-4931-9164-B524F3B6A1B4} = {D73BD36F-FB41-4A74-9842-E4AD5F47DFC6}
		{CC5B691C-E978-409E-89D6-206375E1D9E4} = {F2203E32-E2CF-4B8F-A8D8-486B71273C07}
		{84744361-8CD3-4F3D-ADCB-6450F353FD5E} = {2AB9F9A8-C6F7-4CDF-B9DF-19BEBC1B6A03}
		{26491161-1E33-475B-981B-9612E40A2434} = {F2203E32-E2CF-4B8F-A8D8-486B71273C07}
		{85881073-16E3-4D00-84EB-535CD6FD9A2F} = {F2203E32-E2CF-4B8F-A8D8-486B71273C07}
	EndGlobalSection
EndGlobal
